
Microsoft Visual Studio Solution File, Format Version 12.00
# Visual Studio Version 17
VisualStudioVersion = 17.5.002.0
MinimumVisualStudioVersion = 10.0.40219.1
Project("{9A19103F-16F7-4668-BE54-9A1E7A4F7556}") = "MyApiWithAuthN", "MyApiWithAuthN.csproj", "{EE225744-5153-4F35-AF66-0590DE4A6693}"
EndProject
Global
	GlobalSection(SolutionConfigurationPlatforms) = preSolution
		Debug|Any CPU = Debug|Any CPU
		Release|Any CPU = Release|Any CPU
	EndGlobalSection
	GlobalSection(ProjectConfigurationPlatforms) = postSolution
		{EE225744-5153-4F35-AF66-0590DE4A6693}.Debug|Any CPU.ActiveCfg = Debug|Any CPU
		{EE225744-5153-4F35-AF66-0590DE4A6693}.Debug|Any CPU.Build.0 = Debug|Any CPU
		{EE225744-5153-4F35-AF66-0590DE4A6693}.Release|Any CPU.ActiveCfg = Release|Any CPU
		{EE225744-5153-4F35-AF66-0590DE4A6693}.Release|Any CPU.Build.0 = Release|Any CPU
	EndGlobalSection
	GlobalSection(SolutionProperties) = preSolution
		HideSolutionNode = FALSE
	EndGlobalSection
	GlobalSection(ExtensibilityGlobals) = postSolution
		SolutionGuid = {EF5BF595-A1E2-4871-AA4B-42F47E47039D}
	EndGlobalSection
EndGlobal
